// !$*UTF8*$!
{
	archiveVersion = 1;
	classes = {
	};
	objectVersion = 50;
	objects = {

/* Begin PBXBuildFile section */
		40065B5623286405004984CA /* HomeViewController.swift in Sources */ = {isa = PBXBuildFile; fileRef = 40065B5423286405004984CA /* HomeViewController.swift */; };
		40065B5723286405004984CA /* HomeViewController.xib in Resources */ = {isa = PBXBuildFile; fileRef = 40065B5523286405004984CA /* HomeViewController.xib */; };
		40065B5923286411004984CA /* HomeViewModel.swift in Sources */ = {isa = PBXBuildFile; fileRef = 40065B5823286411004984CA /* HomeViewModel.swift */; };
		40065B5F23286773004984CA /* CCViewController.swift in Sources */ = {isa = PBXBuildFile; fileRef = 40065B5E23286773004984CA /* CCViewController.swift */; };
		40065B6123286928004984CA /* CCViewModel.swift in Sources */ = {isa = PBXBuildFile; fileRef = 40065B6023286928004984CA /* CCViewModel.swift */; };
		40065B6523286DD8004984CA /* UIColor.swift in Sources */ = {isa = PBXBuildFile; fileRef = 40065B6423286DD8004984CA /* UIColor.swift */; };
		40065B68232871F6004984CA /* CCTabBarViewController.swift in Sources */ = {isa = PBXBuildFile; fileRef = 40065B67232871F6004984CA /* CCTabBarViewController.swift */; };
		40065B6A232872F8004984CA /* Localizable.strings in Resources */ = {isa = PBXBuildFile; fileRef = 40065B69232872F8004984CA /* Localizable.strings */; };
		40065B6C2328739D004984CA /* String.swift in Sources */ = {isa = PBXBuildFile; fileRef = 40065B6B2328739D004984CA /* String.swift */; };
		4060DAC62332FBF0001E859A /* CCTabs.swift in Sources */ = {isa = PBXBuildFile; fileRef = 4060DAC52332FBF0001E859A /* CCTabs.swift */; };
		4060DACD2333043F001E859A /* UINavigationBar.swift in Sources */ = {isa = PBXBuildFile; fileRef = 4060DACC2333043F001E859A /* UINavigationBar.swift */; };
		4060DACF23330538001E859A /* CCWeather.swift in Sources */ = {isa = PBXBuildFile; fileRef = 4060DACE23330538001E859A /* CCWeather.swift */; };
		4060DAD2233305F3001E859A /* CCMainWeather.swift in Sources */ = {isa = PBXBuildFile; fileRef = 4060DAD1233305F3001E859A /* CCMainWeather.swift */; };
		4060DAD423330826001E859A /* CCTemperature.swift in Sources */ = {isa = PBXBuildFile; fileRef = 4060DAD323330826001E859A /* CCTemperature.swift */; };
		40A6128523285E3C002BEC7F /* AppDelegate.swift in Sources */ = {isa = PBXBuildFile; fileRef = 40A6128423285E3C002BEC7F /* AppDelegate.swift */; };
		40A6128723285E3C002BEC7F /* ViewController.swift in Sources */ = {isa = PBXBuildFile; fileRef = 40A6128623285E3C002BEC7F /* ViewController.swift */; };
		40A6128C23285E3D002BEC7F /* Assets.xcassets in Resources */ = {isa = PBXBuildFile; fileRef = 40A6128B23285E3D002BEC7F /* Assets.xcassets */; };
		40A6128F23285E3D002BEC7F /* LaunchScreen.storyboard in Resources */ = {isa = PBXBuildFile; fileRef = 40A6128D23285E3D002BEC7F /* LaunchScreen.storyboard */; };
/* End PBXBuildFile section */

/* Begin PBXFileReference section */
		40065B5423286405004984CA /* HomeViewController.swift */ = {isa = PBXFileReference; lastKnownFileType = sourcecode.swift; path = HomeViewController.swift; sourceTree = "<group>"; };
		40065B5523286405004984CA /* HomeViewController.xib */ = {isa = PBXFileReference; lastKnownFileType = file.xib; path = HomeViewController.xib; sourceTree = "<group>"; };
		40065B5823286411004984CA /* HomeViewModel.swift */ = {isa = PBXFileReference; lastKnownFileType = sourcecode.swift; path = HomeViewModel.swift; sourceTree = "<group>"; };
		40065B5E23286773004984CA /* CCViewController.swift */ = {isa = PBXFileReference; lastKnownFileType = sourcecode.swift; path = CCViewController.swift; sourceTree = "<group>"; };
		40065B6023286928004984CA /* CCViewModel.swift */ = {isa = PBXFileReference; lastKnownFileType = sourcecode.swift; path = CCViewModel.swift; sourceTree = "<group>"; };
		40065B6423286DD8004984CA /* UIColor.swift */ = {isa = PBXFileReference; lastKnownFileType = sourcecode.swift; path = UIColor.swift; sourceTree = "<group>"; };
		40065B67232871F6004984CA /* CCTabBarViewController.swift */ = {isa = PBXFileReference; lastKnownFileType = sourcecode.swift; path = CCTabBarViewController.swift; sourceTree = "<group>"; };
		40065B69232872F8004984CA /* Localizable.strings */ = {isa = PBXFileReference; lastKnownFileType = text.plist.strings; path = Localizable.strings; sourceTree = "<group>"; };
		40065B6B2328739D004984CA /* String.swift */ = {isa = PBXFileReference; lastKnownFileType = sourcecode.swift; path = String.swift; sourceTree = "<group>"; };
		4060DAC52332FBF0001E859A /* CCTabs.swift */ = {isa = PBXFileReference; lastKnownFileType = sourcecode.swift; path = CCTabs.swift; sourceTree = "<group>"; };
		4060DACC2333043F001E859A /* UINavigationBar.swift */ = {isa = PBXFileReference; lastKnownFileType = sourcecode.swift; path = UINavigationBar.swift; sourceTree = "<group>"; };
		4060DACE23330538001E859A /* CCWeather.swift */ = {isa = PBXFileReference; lastKnownFileType = sourcecode.swift; path = CCWeather.swift; sourceTree = "<group>"; };
		4060DAD1233305F3001E859A /* CCMainWeather.swift */ = {isa = PBXFileReference; lastKnownFileType = sourcecode.swift; path = CCMainWeather.swift; sourceTree = "<group>"; };
		4060DAD323330826001E859A /* CCTemperature.swift */ = {isa = PBXFileReference; lastKnownFileType = sourcecode.swift; path = CCTemperature.swift; sourceTree = "<group>"; };
		40A6128123285E3C002BEC7F /* cableclima.app */ = {isa = PBXFileReference; explicitFileType = wrapper.application; includeInIndex = 0; path = cableclima.app; sourceTree = BUILT_PRODUCTS_DIR; };
		40A6128423285E3C002BEC7F /* AppDelegate.swift */ = {isa = PBXFileReference; lastKnownFileType = sourcecode.swift; path = AppDelegate.swift; sourceTree = "<group>"; };
		40A6128623285E3C002BEC7F /* ViewController.swift */ = {isa = PBXFileReference; lastKnownFileType = sourcecode.swift; path = ViewController.swift; sourceTree = "<group>"; };
		40A6128B23285E3D002BEC7F /* Assets.xcassets */ = {isa = PBXFileReference; lastKnownFileType = folder.assetcatalog; path = Assets.xcassets; sourceTree = "<group>"; };
		40A6128E23285E3D002BEC7F /* Base */ = {isa = PBXFileReference; lastKnownFileType = file.storyboard; name = Base; path = Base.lproj/LaunchScreen.storyboard; sourceTree = "<group>"; };
		40A6129023285E3D002BEC7F /* Info.plist */ = {isa = PBXFileReference; lastKnownFileType = text.plist.xml; path = Info.plist; sourceTree = "<group>"; };
/* End PBXFileReference section */

/* Begin PBXFrameworksBuildPhase section */
		40A6127E23285E3C002BEC7F /* Frameworks */ = {
			isa = PBXFrameworksBuildPhase;
			buildActionMask = 2147483647;
			files = (
			);
			runOnlyForDeploymentPostprocessing = 0;
		};
/* End PBXFrameworksBuildPhase section */

/* Begin PBXGroup section */
		40065B5D23286763004984CA /* Base */ = {
			isa = PBXGroup;
			children = (
				40065B5E23286773004984CA /* CCViewController.swift */,
				40065B6023286928004984CA /* CCViewModel.swift */,
			);
			path = Base;
			sourceTree = "<group>";
		};
		40065B6323286DD0004984CA /* Extensions */ = {
			isa = PBXGroup;
			children = (
				40065B6423286DD8004984CA /* UIColor.swift */,
				40065B6B2328739D004984CA /* String.swift */,
				4060DACC2333043F001E859A /* UINavigationBar.swift */,
			);
			path = Extensions;
			sourceTree = "<group>";
		};
		40065B662328718F004984CA /* Tab Bar */ = {
			isa = PBXGroup;
			children = (
				40065B67232871F6004984CA /* CCTabBarViewController.swift */,
				4060DAC52332FBF0001E859A /* CCTabs.swift */,
			);
			path = "Tab Bar";
			sourceTree = "<group>";
		};
		4060DAD0233305E4001E859A /* Weather */ = {
			isa = PBXGroup;
			children = (
				4060DACE23330538001E859A /* CCWeather.swift */,
				4060DAD1233305F3001E859A /* CCMainWeather.swift */,
				4060DAD323330826001E859A /* CCTemperature.swift */,
			);
			path = Weather;
			sourceTree = "<group>";
		};
		40A6127823285E3C002BEC7F = {
			isa = PBXGroup;
			children = (
				40A6128323285E3C002BEC7F /* cableclima */,
				40A6128223285E3C002BEC7F /* Products */,
			);
			sourceTree = "<group>";
		};
		40A6128223285E3C002BEC7F /* Products */ = {
			isa = PBXGroup;
			children = (
				40A6128123285E3C002BEC7F /* cableclima.app */,
			);
			name = Products;
			sourceTree = "<group>";
		};
		40A6128323285E3C002BEC7F /* cableclima */ = {
			isa = PBXGroup;
			children = (
				4060DAD0233305E4001E859A /* Weather */,
				40065B662328718F004984CA /* Tab Bar */,
				40065B6323286DD0004984CA /* Extensions */,
				40065B5D23286763004984CA /* Base */,
				40A61296232863A6002BEC7F /* Home */,
				40A6128423285E3C002BEC7F /* AppDelegate.swift */,
				40A6128623285E3C002BEC7F /* ViewController.swift */,
				40A6128B23285E3D002BEC7F /* Assets.xcassets */,
				40A6128D23285E3D002BEC7F /* LaunchScreen.storyboard */,
				40A6129023285E3D002BEC7F /* Info.plist */,
				40065B69232872F8004984CA /* Localizable.strings */,
			);
			path = cableclima;
			sourceTree = "<group>";
		};
		40A61296232863A6002BEC7F /* Home */ = {
			isa = PBXGroup;
			children = (
				40065B5423286405004984CA /* HomeViewController.swift */,
				40065B5823286411004984CA /* HomeViewModel.swift */,
				40065B5523286405004984CA /* HomeViewController.xib */,
			);
			path = Home;
			sourceTree = "<group>";
		};
/* End PBXGroup section */

/* Begin PBXNativeTarget section */
		40A6128023285E3C002BEC7F /* cableclima */ = {
			isa = PBXNativeTarget;
			buildConfigurationList = 40A6129323285E3D002BEC7F /* Build configuration list for PBXNativeTarget "cableclima" */;
			buildPhases = (
				40A6127D23285E3C002BEC7F /* Sources */,
				40A6127E23285E3C002BEC7F /* Frameworks */,
				40A6127F23285E3C002BEC7F /* Resources */,
			);
			buildRules = (
			);
			dependencies = (
			);
			name = cableclima;
			productName = cableclima;
			productReference = 40A6128123285E3C002BEC7F /* cableclima.app */;
			productType = "com.apple.product-type.application";
		};
/* End PBXNativeTarget section */

/* Begin PBXProject section */
		40A6127923285E3C002BEC7F /* Project object */ = {
			isa = PBXProject;
			attributes = {
				LastSwiftUpdateCheck = 1030;
				LastUpgradeCheck = 1030;
				ORGANIZATIONNAME = "Matias David Schwalb";
				TargetAttributes = {
					40A6128023285E3C002BEC7F = {
						CreatedOnToolsVersion = 10.3;
					};
				};
			};
			buildConfigurationList = 40A6127C23285E3C002BEC7F /* Build configuration list for PBXProject "cableclima" */;
			compatibilityVersion = "Xcode 9.3";
			developmentRegion = en;
			hasScannedForEncodings = 0;
			knownRegions = (
				en,
				Base,
			);
			mainGroup = 40A6127823285E3C002BEC7F;
			productRefGroup = 40A6128223285E3C002BEC7F /* Products */;
			projectDirPath = "";
			projectRoot = "";
			targets = (
				40A6128023285E3C002BEC7F /* cableclima */,
			);
		};
/* End PBXProject section */

/* Begin PBXResourcesBuildPhase section */
		40A6127F23285E3C002BEC7F /* Resources */ = {
			isa = PBXResourcesBuildPhase;
			buildActionMask = 2147483647;
			files = (
				40A6128F23285E3D002BEC7F /* LaunchScreen.storyboard in Resources */,
				40065B6A232872F8004984CA /* Localizable.strings in Resources */,
				40A6128C23285E3D002BEC7F /* Assets.xcassets in Resources */,
				40065B5723286405004984CA /* HomeViewController.xib in Resources */,
			);
			runOnlyForDeploymentPostprocessing = 0;
		};
/* End PBXResourcesBuildPhase section */

/* Begin PBXSourcesBuildPhase section */
		40A6127D23285E3C002BEC7F /* Sources */ = {
			isa = PBXSourcesBuildPhase;
			buildActionMask = 2147483647;
			files = (
				4060DAD423330826001E859A /* CCTemperature.swift in Sources */,
				40065B68232871F6004984CA /* CCTabBarViewController.swift in Sources */,
				4060DAC62332FBF0001E859A /* CCTabs.swift in Sources */,
				40065B5F23286773004984CA /* CCViewController.swift in Sources */,
				4060DACD2333043F001E859A /* UINavigationBar.swift in Sources */,
				4060DACF23330538001E859A /* CCWeather.swift in Sources */,
				40065B6523286DD8004984CA /* UIColor.swift in Sources */,
				40065B6C2328739D004984CA /* String.swift in Sources */,
				40A6128723285E3C002BEC7F /* ViewController.swift in Sources */,
				40A6128523285E3C002BEC7F /* AppDelegate.swift in Sources */,
				40065B5623286405004984CA /* HomeViewController.swift in Sources */,
				4060DAD2233305F3001E859A /* CCMainWeather.swift in Sources */,
				40065B6123286928004984CA /* CCViewModel.swift in Sources */,
				40065B5923286411004984CA /* HomeViewModel.swift in Sources */,
			);
			runOnlyForDeploymentPostprocessing = 0;
		};
/* End PBXSourcesBuildPhase section */

/* Begin PBXVariantGroup section */
		40A6128D23285E3D002BEC7F /* LaunchScreen.storyboard */ = {
			isa = PBXVariantGroup;
			children = (
				40A6128E23285E3D002BEC7F /* Base */,
			);
			name = LaunchScreen.storyboard;
			sourceTree = "<group>";
		};
/* End PBXVariantGroup section */

/* Begin XCBuildConfiguration section */
		40A6129123285E3D002BEC7F /* Debug */ = {
			isa = XCBuildConfiguration;
			buildSettings = {
				ALWAYS_SEARCH_USER_PATHS = NO;
				CLANG_ANALYZER_NONNULL = YES;
				CLANG_ANALYZER_NUMBER_OBJECT_CONVERSION = YES_AGGRESSIVE;
				CLANG_CXX_LANGUAGE_STANDARD = "gnu++14";
				CLANG_CXX_LIBRARY = "libc++";
				CLANG_ENABLE_MODULES = YES;
				CLANG_ENABLE_OBJC_ARC = YES;
				CLANG_ENABLE_OBJC_WEAK = YES;
				CLANG_WARN_BLOCK_CAPTURE_AUTORELEASING = YES;
				CLANG_WARN_BOOL_CONVERSION = YES;
				CLANG_WARN_COMMA = YES;
				CLANG_WARN_CONSTANT_CONVERSION = YES;
				CLANG_WARN_DEPRECATED_OBJC_IMPLEMENTATIONS = YES;
				CLANG_WARN_DIRECT_OBJC_ISA_USAGE = YES_ERROR;
				CLANG_WARN_DOCUMENTATION_COMMENTS = YES;
				CLANG_WARN_EMPTY_BODY = YES;
				CLANG_WARN_ENUM_CONVERSION = YES;
				CLANG_WARN_INFINITE_RECURSION = YES;
				CLANG_WARN_INT_CONVERSION = YES;
				CLANG_WARN_NON_LITERAL_NULL_CONVERSION = YES;
				CLANG_WARN_OBJC_IMPLICIT_RETAIN_SELF = YES;
				CLANG_WARN_OBJC_LITERAL_CONVERSION = YES;
				CLANG_WARN_OBJC_ROOT_CLASS = YES_ERROR;
				CLANG_WARN_RANGE_LOOP_ANALYSIS = YES;
				CLANG_WARN_STRICT_PROTOTYPES = YES;
				CLANG_WARN_SUSPICIOUS_MOVE = YES;
				CLANG_WARN_UNGUARDED_AVAILABILITY = YES_AGGRESSIVE;
				CLANG_WARN_UNREACHABLE_CODE = YES;
				CLANG_WARN__DUPLICATE_METHOD_MATCH = YES;
				CODE_SIGN_IDENTITY = "iPhone Developer";
				COPY_PHASE_STRIP = NO;
				DEBUG_INFORMATION_FORMAT = dwarf;
				ENABLE_STRICT_OBJC_MSGSEND = YES;
				ENABLE_TESTABILITY = YES;
				GCC_C_LANGUAGE_STANDARD = gnu11;
				GCC_DYNAMIC_NO_PIC = NO;
				GCC_NO_COMMON_BLOCKS = YES;
				GCC_OPTIMIZATION_LEVEL = 0;
				GCC_PREPROCESSOR_DEFINITIONS = (
					"DEBUG=1",
					"$(inherited)",
				);
				GCC_WARN_64_TO_32_BIT_CONVERSION = YES;
				GCC_WARN_ABOUT_RETURN_TYPE = YES_ERROR;
				GCC_WARN_UNDECLARED_SELECTOR = YES;
				GCC_WARN_UNINITIALIZED_AUTOS = YES_AGGRESSIVE;
				GCC_WARN_UNUSED_FUNCTION = YES;
				GCC_WARN_UNUSED_VARIABLE = YES;
				IPHONEOS_DEPLOYMENT_TARGET = 12.4;
				MTL_ENABLE_DEBUG_INFO = INCLUDE_SOURCE;
				MTL_FAST_MATH = YES;
				ONLY_ACTIVE_ARCH = YES;
				SDKROOT = iphoneos;
				SWIFT_ACTIVE_COMPILATION_CONDITIONS = DEBUG;
				SWIFT_OPTIMIZATION_LEVEL = "-Onone";
			};
			name = Debug;
		};
		40A6129223285E3D002BEC7F /* Release */ = {
			isa = XCBuildConfiguration;
			buildSettings = {
				ALWAYS_SEARCH_USER_PATHS = NO;
				CLANG_ANALYZER_NONNULL = YES;
				CLANG_ANALYZER_NUMBER_OBJECT_CONVERSION = YES_AGGRESSIVE;
				CLANG_CXX_LANGUAGE_STANDARD = "gnu++14";
				CLANG_CXX_LIBRARY = "libc++";
				CLANG_ENABLE_MODULES = YES;
				CLANG_ENABLE_OBJC_ARC = YES;
				CLANG_ENABLE_OBJC_WEAK = YES;
				CLANG_WARN_BLOCK_CAPTURE_AUTORELEASING = YES;
				CLANG_WARN_BOOL_CONVERSION = YES;
				CLANG_WARN_COMMA = YES;
				CLANG_WARN_CONSTANT_CONVERSION = YES;
				CLANG_WARN_DEPRECATED_OBJC_IMPLEMENTATIONS = YES;
				CLANG_WARN_DIRECT_OBJC_ISA_USAGE = YES_ERROR;
				CLANG_WARN_DOCUMENTATION_COMMENTS = YES;
				CLANG_WARN_EMPTY_BODY = YES;
				CLANG_WARN_ENUM_CONVERSION = YES;
				CLANG_WARN_INFINITE_RECURSION = YES;
				CLANG_WARN_INT_CONVERSION = YES;
				CLANG_WARN_NON_LITERAL_NULL_CONVERSION = YES;
				CLANG_WARN_OBJC_IMPLICIT_RETAIN_SELF = YES;
				CLANG_WARN_OBJC_LITERAL_CONVERSION = YES;
				CLANG_WARN_OBJC_ROOT_CLASS = YES_ERROR;
				CLANG_WARN_RANGE_LOOP_ANALYSIS = YES;
				CLANG_WARN_STRICT_PROTOTYPES = YES;
				CLANG_WARN_SUSPICIOUS_MOVE = YES;
				CLANG_WARN_UNGUARDED_AVAILABILITY = YES_AGGRESSIVE;
				CLANG_WARN_UNREACHABLE_CODE = YES;
				CLANG_WARN__DUPLICATE_METHOD_MATCH = YES;
				CODE_SIGN_IDENTITY = "iPhone Developer";
				COPY_PHASE_STRIP = NO;
				DEBUG_INFORMATION_FORMAT = "dwarf-with-dsym";
				ENABLE_NS_ASSERTIONS = NO;
				ENABLE_STRICT_OBJC_MSGSEND = YES;
				GCC_C_LANGUAGE_STANDARD = gnu11;
				GCC_NO_COMMON_BLOCKS = YES;
				GCC_WARN_64_TO_32_BIT_CONVERSION = YES;
				GCC_WARN_ABOUT_RETURN_TYPE = YES_ERROR;
				GCC_WARN_UNDECLARED_SELECTOR = YES;
				GCC_WARN_UNINITIALIZED_AUTOS = YES_AGGRESSIVE;
				GCC_WARN_UNUSED_FUNCTION = YES;
				GCC_WARN_UNUSED_VARIABLE = YES;
				IPHONEOS_DEPLOYMENT_TARGET = 12.4;
				MTL_ENABLE_DEBUG_INFO = NO;
				MTL_FAST_MATH = YES;
				SDKROOT = iphoneos;
				SWIFT_COMPILATION_MODE = wholemodule;
				SWIFT_OPTIMIZATION_LEVEL = "-O";
				VALIDATE_PRODUCT = YES;
			};
			name = Release;
		};
		40A6129423285E3D002BEC7F /* Debug */ = {
			isa = XCBuildConfiguration;
			buildSettings = {
				ASSETCATALOG_COMPILER_APPICON_NAME = AppIcon;
				CODE_SIGN_STYLE = Automatic;
				DEVELOPMENT_TEAM = 349NJ2JP44;
				INFOPLIST_FILE = cableclima/Info.plist;
				LD_RUNPATH_SEARCH_PATHS = (
					"$(inherited)",
					"@executable_path/Frameworks",
				);
				PRODUCT_BUNDLE_IDENTIFIER = matuli.cableclima;
				PRODUCT_NAME = "$(TARGET_NAME)";
				SWIFT_VERSION = 5.0;
				TARGETED_DEVICE_FAMILY = "1,2";
			};
			name = Debug;
		};
		40A6129523285E3D002BEC7F /* Release */ = {
			isa = XCBuildConfiguration;
			buildSettings = {
				ASSETCATALOG_COMPILER_APPICON_NAME = AppIcon;
				CODE_SIGN_STYLE = Automatic;
				DEVELOPMENT_TEAM = 349NJ2JP44;
				INFOPLIST_FILE = cableclima/Info.plist;
				LD_RUNPATH_SEARCH_PATHS = (
					"$(inherited)",
					"@executable_path/Frameworks",
				);
				PRODUCT_BUNDLE_IDENTIFIER = matuli.cableclima;
				PRODUCT_NAME = "$(TARGET_NAME)";
				SWIFT_VERSION = 5.0;
				TARGETED_DEVICE_FAMILY = "1,2";
			};
			name = Release;
		};
/* End XCBuildConfiguration section */

/* Begin XCConfigurationList section */
		40A6127C23285E3C002BEC7F /* Build configuration list for PBXProject "cableclima" */ = {
			isa = XCConfigurationList;
			buildConfigurations = (
				40A6129123285E3D002BEC7F /* Debug */,
				40A6129223285E3D002BEC7F /* Release */,
			);
			defaultConfigurationIsVisible = 0;
			defaultConfigurationName = Release;
		};
		40A6129323285E3D002BEC7F /* Build configuration list for PBXNativeTarget "cableclima" */ = {
			isa = XCConfigurationList;
			buildConfigurations = (
				40A6129423285E3D002BEC7F /* Debug */,
				40A6129523285E3D002BEC7F /* Release */,
			);
			defaultConfigurationIsVisible = 0;
			defaultConfigurationName = Release;
		};
/* End XCConfigurationList section */
	};
	rootObject = 40A6127923285E3C002BEC7F /* Project object */;
}
